// !$*UTF8*$!
{
	archiveVersion = 1;
	classes = {
	};
	objectVersion = 46;
	objects = {

/* Begin PBXBuildFile section */
		2A83CD181C34368D008F2B3B /* AppDelegate.swift in Sources */ = {isa = PBXBuildFile; fileRef = 2A83CD171C34368D008F2B3B /* AppDelegate.swift */; };
		2A83CD1A1C34368D008F2B3B /* ViewController.swift in Sources */ = {isa = PBXBuildFile; fileRef = 2A83CD191C34368D008F2B3B /* ViewController.swift */; };
		2A83CD1D1C34368D008F2B3B /* Main.storyboard in Resources */ = {isa = PBXBuildFile; fileRef = 2A83CD1B1C34368D008F2B3B /* Main.storyboard */; };
		2A83CD1F1C34368D008F2B3B /* Assets.xcassets in Resources */ = {isa = PBXBuildFile; fileRef = 2A83CD1E1C34368D008F2B3B /* Assets.xcassets */; };
		2A83CD221C34368D008F2B3B /* LaunchScreen.storyboard in Resources */ = {isa = PBXBuildFile; fileRef = 2A83CD201C34368D008F2B3B /* LaunchScreen.storyboard */; };
		2A83CD2D1C34368D008F2B3B /* Git_xcodeTests.swift in Sources */ = {isa = PBXBuildFile; fileRef = 2A83CD2C1C34368D008F2B3B /* Git_xcodeTests.swift */; };
		2A83CD381C34368D008F2B3B /* Git_xcodeUITests.swift in Sources */ = {isa = PBXBuildFile; fileRef = 2A83CD371C34368D008F2B3B /* Git_xcodeUITests.swift */; };
/* End PBXBuildFile section */

/* Begin PBXContainerItemProxy section */
		2A83CD291C34368D008F2B3B /* PBXContainerItemProxy */ = {
			isa = PBXContainerItemProxy;
			containerPortal = 2A83CD0C1C34368D008F2B3B /* Project object */;
			proxyType = 1;
			remoteGlobalIDString = 2A83CD131C34368D008F2B3B;
			remoteInfo = "Git-xcode";
		};
		2A83CD341C34368D008F2B3B /* PBXContainerItemProxy */ = {
			isa = PBXContainerItemProxy;
			containerPortal = 2A83CD0C1C34368D008F2B3B /* Project object */;
			proxyType = 1;
			remoteGlobalIDString = 2A83CD131C34368D008F2B3B;
			remoteInfo = "Git-xcode";
		};
/* End PBXContainerItemProxy section */

/* Begin PBXFileReference section */
		2A83CD141C34368D008F2B3B /* Git-xcode.app */ = {isa = PBXFileReference; explicitFileType = wrapper.application; includeInIndex = 0; path = "Git-xcode.app"; sourceTree = BUILT_PRODUCTS_DIR; };
		2A83CD171C34368D008F2B3B /* AppDelegate.swift */ = {isa = PBXFileReference; lastKnownFileType = sourcecode.swift; path = AppDelegate.swift; sourceTree = "<group>"; };
		2A83CD191C34368D008F2B3B /* ViewController.swift */ = {isa = PBXFileReference; lastKnownFileType = sourcecode.swift; path = ViewController.swift; sourceTree = "<group>"; };
		2A83CD1C1C34368D008F2B3B /* Base */ = {isa = PBXFileReference; lastKnownFileType = file.storyboard; name = Base; path = Base.lproj/Main.storyboard; sourceTree = "<group>"; };
		2A83CD1E1C34368D008F2B3B /* Assets.xcassets */ = {isa = PBXFileReference; lastKnownFileType = folder.assetcatalog; path = Assets.xcassets; sourceTree = "<group>"; };
		2A83CD211C34368D008F2B3B /* Base */ = {isa = PBXFileReference; lastKnownFileType = file.storyboard; name = Base; path = Base.lproj/LaunchScreen.storyboard; sourceTree = "<group>"; };
		2A83CD231C34368D008F2B3B /* Info.plist */ = {isa = PBXFileReference; lastKnownFileType = text.plist.xml; path = Info.plist; sourceTree = "<group>"; };
		2A83CD281C34368D008F2B3B /* Git-xcodeTests.xctest */ = {isa = PBXFileReference; explicitFileType = wrapper.cfbundle; includeInIndex = 0; path = "Git-xcodeTests.xctest"; sourceTree = BUILT_PRODUCTS_DIR; };
		2A83CD2C1C34368D008F2B3B /* Git_xcodeTests.swift */ = {isa = PBXFileReference; lastKnownFileType = sourcecode.swift; path = Git_xcodeTests.swift; sourceTree = "<group>"; };
		2A83CD2E1C34368D008F2B3B /* Info.plist */ = {isa = PBXFileReference; lastKnownFileType = text.plist.xml; path = Info.plist; sourceTree = "<group>"; };
		2A83CD331C34368D008F2B3B /* Git-xcodeUITests.xctest */ = {isa = PBXFileReference; explicitFileType = wrapper.cfbundle; includeInIndex = 0; path = "Git-xcodeUITests.xctest"; sourceTree = BUILT_PRODUCTS_DIR; };
		2A83CD371C34368D008F2B3B /* Git_xcodeUITests.swift */ = {isa = PBXFileReference; lastKnownFileType = sourcecode.swift; path = Git_xcodeUITests.swift; sourceTree = "<group>"; };
		2A83CD391C34368D008F2B3B /* Info.plist */ = {isa = PBXFileReference; lastKnownFileType = text.plist.xml; path = Info.plist; sourceTree = "<group>"; };
/* End PBXFileReference section */

/* Begin PBXFrameworksBuildPhase section */
		2A83CD111C34368D008F2B3B /* Frameworks */ = {
			isa = PBXFrameworksBuildPhase;
			buildActionMask = 2147483647;
			files = (
			);
			runOnlyForDeploymentPostprocessing = 0;
		};
		2A83CD251C34368D008F2B3B /* Frameworks */ = {
			isa = PBXFrameworksBuildPhase;
			buildActionMask = 2147483647;
			files = (
			);
			runOnlyForDeploymentPostprocessing = 0;
		};
		2A83CD301C34368D008F2B3B /* Frameworks */ = {
			isa = PBXFrameworksBuildPhase;
			buildActionMask = 2147483647;
			files = (
			);
			runOnlyForDeploymentPostprocessing = 0;
		};
/* End PBXFrameworksBuildPhase section */

/* Begin PBXGroup section */
		2A83CD0B1C34368D008F2B3B = {
			isa = PBXGroup;
			children = (
				2A83CD161C34368D008F2B3B /* Git-xcode */,
				2A83CD2B1C34368D008F2B3B /* Git-xcodeTests */,
				2A83CD361C34368D008F2B3B /* Git-xcodeUITests */,
				2A83CD151C34368D008F2B3B /* Products */,
			);
			sourceTree = "<group>";
		};
		2A83CD151C34368D008F2B3B /* Products */ = {
			isa = PBXGroup;
			children = (
				2A83CD141C34368D008F2B3B /* Git-xcode.app */,
				2A83CD281C34368D008F2B3B /* Git-xcodeTests.xctest */,
				2A83CD331C34368D008F2B3B /* Git-xcodeUITests.xctest */,
			);
			name = Products;
			sourceTree = "<group>";
		};
		2A83CD161C34368D008F2B3B /* Git-xcode */ = {
			isa = PBXGroup;
			children = (
				2A83CD171C34368D008F2B3B /* AppDelegate.swift */,
				2A83CD191C34368D008F2B3B /* ViewController.swift */,
				2A83CD1B1C34368D008F2B3B /* Main.storyboard */,
				2A83CD1E1C34368D008F2B3B /* Assets.xcassets */,
				2A83CD201C34368D008F2B3B /* LaunchScreen.storyboard */,
				2A83CD231C34368D008F2B3B /* Info.plist */,
			);
			path = "Git-xcode";
			sourceTree = "<group>";
		};
		2A83CD2B1C34368D008F2B3B /* Git-xcodeTests */ = {
			isa = PBXGroup;
			children = (
				2A83CD2C1C34368D008F2B3B /* Git_xcodeTests.swift */,
				2A83CD2E1C34368D008F2B3B /* Info.plist */,
			);
			path = "Git-xcodeTests";
			sourceTree = "<group>";
		};
		2A83CD361C34368D008F2B3B /* Git-xcodeUITests */ = {
			isa = PBXGroup;
			children = (
				2A83CD371C34368D008F2B3B /* Git_xcodeUITests.swift */,
				2A83CD391C34368D008F2B3B /* Info.plist */,
			);
			path = "Git-xcodeUITests";
			sourceTree = "<group>";
		};
/* End PBXGroup section */

/* Begin PBXNativeTarget section */
		2A83CD131C34368D008F2B3B /* Git-xcode */ = {
			isa = PBXNativeTarget;
			buildConfigurationList = 2A83CD3C1C34368D008F2B3B /* Build configuration list for PBXNativeTarget "Git-xcode" */;
			buildPhases = (
				2A83CD101C34368D008F2B3B /* Sources */,
				2A83CD111C34368D008F2B3B /* Frameworks */,
				2A83CD121C34368D008F2B3B /* Resources */,
			);
			buildRules = (
			);
			dependencies = (
			);
			name = "Git-xcode";
			productName = "Git-xcode";
			productReference = 2A83CD141C34368D008F2B3B /* Git-xcode.app */;
			productType = "com.apple.product-type.application";
		};
		2A83CD271C34368D008F2B3B /* Git-xcodeTests */ = {
			isa = PBXNativeTarget;
			buildConfigurationList = 2A83CD3F1C34368D008F2B3B /* Build configuration list for PBXNativeTarget "Git-xcodeTests" */;
			buildPhases = (
				2A83CD241C34368D008F2B3B /* Sources */,
				2A83CD251C34368D008F2B3B /* Frameworks */,
				2A83CD261C34368D008F2B3B /* Resources */,
			);
			buildRules = (
			);
			dependencies = (
				2A83CD2A1C34368D008F2B3B /* PBXTargetDependency */,
			);
			name = "Git-xcodeTests";
			productName = "Git-xcodeTests";
			productReference = 2A83CD281C34368D008F2B3B /* Git-xcodeTests.xctest */;
			productType = "com.apple.product-type.bundle.unit-test";
		};
		2A83CD321C34368D008F2B3B /* Git-xcodeUITests */ = {
			isa = PBXNativeTarget;
			buildConfigurationList = 2A83CD421C34368D008F2B3B /* Build configuration list for PBXNativeTarget "Git-xcodeUITests" */;
			buildPhases = (
				2A83CD2F1C34368D008F2B3B /* Sources */,
				2A83CD301C34368D008F2B3B /* Frameworks */,
				2A83CD311C34368D008F2B3B /* Resources */,
			);
			buildRules = (
			);
			dependencies = (
				2A83CD351C34368D008F2B3B /* PBXTargetDependency */,
			);
			name = "Git-xcodeUITests";
			productName = "Git-xcodeUITests";
			productReference = 2A83CD331C34368D008F2B3B /* Git-xcodeUITests.xctest */;
			productType = "com.apple.product-type.bundle.ui-testing";
		};
/* End PBXNativeTarget section */

/* Begin PBXProject section */
		2A83CD0C1C34368D008F2B3B /* Project object */ = {
			isa = PBXProject;
			attributes = {
				LastSwiftUpdateCheck = 0720;
				LastUpgradeCheck = 0720;
				ORGANIZATIONNAME = "HUE TUAN THI";
				TargetAttributes = {
					2A83CD131C34368D008F2B3B = {
						CreatedOnToolsVersion = 7.2;
					};
					2A83CD271C34368D008F2B3B = {
						CreatedOnToolsVersion = 7.2;
						TestTargetID = 2A83CD131C34368D008F2B3B;
					};
					2A83CD321C34368D008F2B3B = {
						CreatedOnToolsVersion = 7.2;
						TestTargetID = 2A83CD131C34368D008F2B3B;
					};
				};
			};
			buildConfigurationList = 2A83CD0F1C34368D008F2B3B /* Build configuration list for PBXProject "Git-xcode" */;
			compatibilityVersion = "Xcode 3.2";
			developmentRegion = English;
			hasScannedForEncodings = 0;
			knownRegions = (
				en,
				Base,
			);
			mainGroup = 2A83CD0B1C34368D008F2B3B;
			productRefGroup = 2A83CD151C34368D008F2B3B /* Products */;
			projectDirPath = "";
			projectRoot = "";
			targets = (
				2A83CD131C34368D008F2B3B /* Git-xcode */,
				2A83CD271C34368D008F2B3B /* Git-xcodeTests */,
				2A83CD321C34368D008F2B3B /* Git-xcodeUITests */,
			);
		};
/* End PBXProject section */

/* Begin PBXResourcesBuildPhase section */
		2A83CD121C34368D008F2B3B /* Resources */ = {
			isa = PBXResourcesBuildPhase;
			buildActionMask = 2147483647;
			files = (
				2A83CD221C34368D008F2B3B /* LaunchScreen.storyboard in Resources */,
				2A83CD1F1C34368D008F2B3B /* Assets.xcassets in Resources */,
				2A83CD1D1C34368D008F2B3B /* Main.storyboard in Resources */,
			);
			runOnlyForDeploymentPostprocessing = 0;
		};
		2A83CD261C34368D008F2B3B /* Resources */ = {
			isa = PBXResourcesBuildPhase;
			buildActionMask = 2147483647;
			files = (
			);
			runOnlyForDeploymentPostprocessing = 0;
		};
		2A83CD311C34368D008F2B3B /* Resources */ = {
			isa = PBXResourcesBuildPhase;
			buildActionMask = 2147483647;
			files = (
			);
			runOnlyForDeploymentPostprocessing = 0;
		};
/* End PBXResourcesBuildPhase section */

/* Begin PBXSourcesBuildPhase section */
		2A83CD101C34368D008F2B3B /* Sources */ = {
			isa = PBXSourcesBuildPhase;
			buildActionMask = 2147483647;
			files = (
				2A83CD1A1C34368D008F2B3B /* ViewController.swift in Sources */,
				2A83CD181C34368D008F2B3B /* AppDelegate.swift in Sources */,
			);
			runOnlyForDeploymentPostprocessing = 0;
		};
		2A83CD241C34368D008F2B3B /* Sources */ = {
			isa = PBXSourcesBuildPhase;
			buildActionMask = 2147483647;
			files = (
				2A83CD2D1C34368D008F2B3B /* Git_xcodeTests.swift in Sources */,
			);
			runOnlyForDeploymentPostprocessing = 0;
		};
		2A83CD2F1C34368D008F2B3B /* Sources */ = {
			isa = PBXSourcesBuildPhase;
			buildActionMask = 2147483647;
			files = (
				2A83CD381C34368D008F2B3B /* Git_xcodeUITests.swift in Sources */,
			);
			runOnlyForDeploymentPostprocessing = 0;
		};
/* End PBXSourcesBuildPhase section */

/* Begin PBXTargetDependency section */
		2A83CD2A1C34368D008F2B3B /* PBXTargetDependency */ = {
			isa = PBXTargetDependency;
			target = 2A83CD131C34368D008F2B3B /* Git-xcode */;
			targetProxy = 2A83CD291C34368D008F2B3B /* PBXContainerItemProxy */;
		};
		2A83CD351C34368D008F2B3B /* PBXTargetDependency */ = {
			isa = PBXTargetDependency;
			target = 2A83CD131C34368D008F2B3B /* Git-xcode */;
			targetProxy = 2A83CD341C34368D008F2B3B /* PBXContainerItemProxy */;
		};
/* End PBXTargetDependency section */

/* Begin PBXVariantGroup section */
		2A83CD1B1C34368D008F2B3B /* Main.storyboard */ = {
			isa = PBXVariantGroup;
			children = (
				2A83CD1C1C34368D008F2B3B /* Base */,
			);
			name = Main.storyboard;
			sourceTree = "<group>";
		};
		2A83CD201C34368D008F2B3B /* LaunchScreen.storyboard */ = {
			isa = PBXVariantGroup;
			children = (
				2A83CD211C34368D008F2B3B /* Base */,
			);
			name = LaunchScreen.storyboard;
			sourceTree = "<group>";
		};
/* End PBXVariantGroup section */

/* Begin XCBuildConfiguration section */
		2A83CD3A1C34368D008F2B3B /* Debug */ = {
			isa = XCBuildConfiguration;
			buildSettings = {
				ALWAYS_SEARCH_USER_PATHS = NO;
				CLANG_CXX_LANGUAGE_STANDARD = "gnu++0x";
				CLANG_CXX_LIBRARY = "libc++";
				CLANG_ENABLE_MODULES = YES;
				CLANG_ENABLE_OBJC_ARC = YES;
				CLANG_WARN_BOOL_CONVERSION = YES;
				CLANG_WARN_CONSTANT_CONVERSION = YES;
				CLANG_WARN_DIRECT_OBJC_ISA_USAGE = YES_ERROR;
				CLANG_WARN_EMPTY_BODY = YES;
				CLANG_WARN_ENUM_CONVERSION = YES;
				CLANG_WARN_INT_CONVERSION = YES;
				CLANG_WARN_OBJC_ROOT_CLASS = YES_ERROR;
				CLANG_WARN_UNREACHABLE_CODE = YES;
				CLANG_WARN__DUPLICATE_METHOD_MATCH = YES;
				"CODE_SIGN_IDENTITY[sdk=iphoneos*]" = "iPhone Developer";
				COPY_PHASE_STRIP = NO;
				DEBUG_INFORMATION_FORMAT = dwarf;
				ENABLE_STRICT_OBJC_MSGSEND = YES;
				ENABLE_TESTABILITY = YES;
				GCC_C_LANGUAGE_STANDARD = gnu99;
				GCC_DYNAMIC_NO_PIC = NO;
				GCC_NO_COMMON_BLOCKS = YES;
				GCC_OPTIMIZATION_LEVEL = 0;
				GCC_PREPROCESSOR_DEFINITIONS = (
					"DEBUG=1",
					"$(inherited)",
				);
				GCC_WARN_64_TO_32_BIT_CONVERSION = YES;
				GCC_WARN_ABOUT_RETURN_TYPE = YES_ERROR;
				GCC_WARN_UNDECLARED_SELECTOR = YES;
				GCC_WARN_UNINITIALIZED_AUTOS = YES_AGGRESSIVE;
				GCC_WARN_UNUSED_FUNCTION = YES;
				GCC_WARN_UNUSED_VARIABLE = YES;
				IPHONEOS_DEPLOYMENT_TARGET = 9.2;
				MTL_ENABLE_DEBUG_INFO = YES;
				ONLY_ACTIVE_ARCH = YES;
				SDKROOT = iphoneos;
				SWIFT_OPTIMIZATION_LEVEL = "-Onone";
				TARGETED_DEVICE_FAMILY = "1,2";
			};
			name = Debug;
		};
		2A83CD3B1C34368D008F2B3B /* Release */ = {
			isa = XCBuildConfiguration;
			buildSettings = {
				ALWAYS_SEARCH_USER_PATHS = NO;
				CLANG_CXX_LANGUAGE_STANDARD = "gnu++0x";
				CLANG_CXX_LIBRARY = "libc++";
				CLANG_ENABLE_MODULES = YES;
				CLANG_ENABLE_OBJC_ARC = YES;
				CLANG_WARN_BOOL_CONVERSION = YES;
				CLANG_WARN_CONSTANT_CONVERSION = YES;
				CLANG_WARN_DIRECT_OBJC_ISA_USAGE = YES_ERROR;
				CLANG_WARN_EMPTY_BODY = YES;
				CLANG_WARN_ENUM_CONVERSION = YES;
				CLANG_WARN_INT_CONVERSION = YES;
				CLANG_WARN_OBJC_ROOT_CLASS = YES_ERROR;
				CLANG_WARN_UNREACHABLE_CODE = YES;
				CLANG_WARN__DUPLICATE_METHOD_MATCH = YES;
				"CODE_SIGN_IDENTITY[sdk=iphoneos*]" = "iPhone Developer";
				COPY_PHASE_STRIP = NO;
				DEBUG_INFORMATION_FORMAT = "dwarf-with-dsym";
				ENABLE_NS_ASSERTIONS = NO;
				ENABLE_STRICT_OBJC_MSGSEND = YES;
				GCC_C_LANGUAGE_STANDARD = gnu99;
				GCC_NO_COMMON_BLOCKS = YES;
				GCC_WARN_64_TO_32_BIT_CONVERSION = YES;
				GCC_WARN_ABOUT_RETURN_TYPE = YES_ERROR;
				GCC_WARN_UNDECLARED_SELECTOR = YES;
				GCC_WARN_UNINITIALIZED_AUTOS = YES_AGGRESSIVE;
				GCC_WARN_UNUSED_FUNCTION = YES;
				GCC_WARN_UNUSED_VARIABLE = YES;
				IPHONEOS_DEPLOYMENT_TARGET = 9.2;
				MTL_ENABLE_DEBUG_INFO = NO;
				SDKROOT = iphoneos;
				TARGETED_DEVICE_FAMILY = "1,2";
				VALIDATE_PRODUCT = YES;
			};
			name = Release;
		};
		2A83CD3D1C34368D008F2B3B /* Debug */ = {
			isa = XCBuildConfiguration;
			buildSettings = {
				ASSETCATALOG_COMPILER_APPICON_NAME = AppIcon;
				INFOPLIST_FILE = "Git-xcode/Info.plist";
				LD_RUNPATH_SEARCH_PATHS = "$(inherited) @executable_path/Frameworks";
				PRODUCT_BUNDLE_IDENTIFIER = "com.tuanthi.Git-xcode";
				PRODUCT_NAME = "$(TARGET_NAME)";
			};
			name = Debug;
		};
		2A83CD3E1C34368D008F2B3B /* Release */ = {
			isa = XCBuildConfiguration;
			buildSettings = {
				ASSETCATALOG_COMPILER_APPICON_NAME = AppIcon;
				INFOPLIST_FILE = "Git-xcode/Info.plist";
				LD_RUNPATH_SEARCH_PATHS = "$(inherited) @executable_path/Frameworks";
				PRODUCT_BUNDLE_IDENTIFIER = "com.tuanthi.Git-xcode";
				PRODUCT_NAME = "$(TARGET_NAME)";
			};
			name = Release;
		};
		2A83CD401C34368D008F2B3B /* Debug */ = {
			isa = XCBuildConfiguration;
			buildSettings = {
				BUNDLE_LOADER = "$(TEST_HOST)";
				INFOPLIST_FILE = "Git-xcodeTests/Info.plist";
				LD_RUNPATH_SEARCH_PATHS = "$(inherited) @executable_path/Frameworks @loader_path/Frameworks";
				PRODUCT_BUNDLE_IDENTIFIER = "com.tuanthi.Git-xcodeTests";
				PRODUCT_NAME = "$(TARGET_NAME)";
				TEST_HOST = "$(BUILT_PRODUCTS_DIR)/Git-xcode.app/Git-xcode";
			};
			name = Debug;
		};
		2A83CD411C34368D008F2B3B /* Release */ = {
			isa = XCBuildConfiguration;
			buildSettings = {
				BUNDLE_LOADER = "$(TEST_HOST)";
				INFOPLIST_FILE = "Git-xcodeTests/Info.plist";
				LD_RUNPATH_SEARCH_PATHS = "$(inherited) @executable_path/Frameworks @loader_path/Frameworks";
				PRODUCT_BUNDLE_IDENTIFIER = "com.tuanthi.Git-xcodeTests";
				PRODUCT_NAME = "$(TARGET_NAME)";
				TEST_HOST = "$(BUILT_PRODUCTS_DIR)/Git-xcode.app/Git-xcode";
			};
			name = Release;
		};
		2A83CD431C34368D008F2B3B /* Debug */ = {
			isa = XCBuildConfiguration;
			buildSettings = {
				INFOPLIST_FILE = "Git-xcodeUITests/Info.plist";
				LD_RUNPATH_SEARCH_PATHS = "$(inherited) @executable_path/Frameworks @loader_path/Frameworks";
				PRODUCT_BUNDLE_IDENTIFIER = "com.tuanthi.Git-xcodeUITests";
				PRODUCT_NAME = "$(TARGET_NAME)";
				TEST_TARGET_NAME = "Git-xcode";
				USES_XCTRUNNER = YES;
			};
			name = Debug;
		};
		2A83CD441C34368D008F2B3B /* Release */ = {
			isa = XCBuildConfiguration;
			buildSettings = {
				INFOPLIST_FILE = "Git-xcodeUITests/Info.plist";
				LD_RUNPATH_SEARCH_PATHS = "$(inherited) @executable_path/Frameworks @loader_path/Frameworks";
				PRODUCT_BUNDLE_IDENTIFIER = "com.tuanthi.Git-xcodeUITests";
				PRODUCT_NAME = "$(TARGET_NAME)";
				TEST_TARGET_NAME = "Git-xcode";
				USES_XCTRUNNER = YES;
			};
			name = Release;
		};
/* End XCBuildConfiguration section */

/* Begin XCConfigurationList section */
		2A83CD0F1C34368D008F2B3B /* Build configuration list for PBXProject "Git-xcode" */ = {
			isa = XCConfigurationList;
			buildConfigurations = (
				2A83CD3A1C34368D008F2B3B /* Debug */,
				2A83CD3B1C34368D008F2B3B /* Release */,
			);
			defaultConfigurationIsVisible = 0;
			defaultConfigurationName = Release;
		};
		2A83CD3C1C34368D008F2B3B /* Build configuration list for PBXNativeTarget "Git-xcode" */ = {
			isa = XCConfigurationList;
			buildConfigurations = (
				2A83CD3D1C34368D008F2B3B /* Debug */,
				2A83CD3E1C34368D008F2B3B /* Release */,
			);
			defaultConfigurationIsVisible = 0;
		};
		2A83CD3F1C34368D008F2B3B /* Build configuration list for PBXNativeTarget "Git-xcodeTests" */ = {
			isa = XCConfigurationList;
			buildConfigurations = (
				2A83CD401C34368D008F2B3B /* Debug */,
				2A83CD411C34368D008F2B3B /* Release */,
			);
			defaultConfigurationIsVisible = 0;
		};
		2A83CD421C34368D008F2B3B /* Build configuration list for PBXNativeTarget "Git-xcodeUITests" */ = {
			isa = XCConfigurationList;
			buildConfigurations = (
				2A83CD431C34368D008F2B3B /* Debug */,
				2A83CD441C34368D008F2B3B /* Release */,
			);
			defaultConfigurationIsVisible = 0;
		};
/* End XCConfigurationList section */
	};
	rootObject = 2A83CD0C1C34368D008F2B3B /* Project object */;
}
